
Microsoft Visual Studio Solution File, Format Version 12.00
# Visual Studio Version 16
VisualStudioVersion = 16.0.35229.62
MinimumVisualStudioVersion = 10.0.40219.1
Project("{FAE04EC0-301F-11D3-BF4B-00C04F79EFBC}") = "PMS_NCAS", "PMS_NCAS\PMS_NCAS.csproj", "{82769675-5F92-48DD-8F3D-069755C41EDE}"
EndProject
Global
	GlobalSection(SolutionConfigurationPlatforms) = preSolution
		Debug|Any CPU = Debug|Any CPU
		Release|Any CPU = Release|Any CPU
	EndGlobalSection
	GlobalSection(ProjectConfigurationPlatforms) = postSolution
		{82769675-5F92-48DD-8F3D-069755C41EDE}.Debug|Any CPU.ActiveCfg = Debug|Any CPU
		{82769675-5F92-48DD-8F3D-069755C41EDE}.Debug|Any CPU.Build.0 = Debug|Any CPU
		{82769675-5F92-48DD-8F3D-069755C41EDE}.Release|Any CPU.ActiveCfg = Release|Any CPU
		{82769675-5F92-48DD-8F3D-069755C41EDE}.Release|Any CPU.Build.0 = Release|Any CPU
	EndGlobalSection
	GlobalSection(SolutionProperties) = preSolution
		HideSolutionNode = FALSE
	EndGlobalSection
	GlobalSection(ExtensibilityGlobals) = postSolution
		SolutionGuid = {8E77891A-E076-4AC0-B825-DF405CCF93D3}
	EndGlobalSection
EndGlobal
